
Microsoft Visual Studio Solution File, Format Version 12.00
# Visual Studio Version 17
VisualStudioVersion = 17.2.32630.192
MinimumVisualStudioVersion = 10.0.40219.1
Project("{9A19103F-16F7-4668-BE54-9A1E7A4F7556}") = "SaudeIntegrada.Domain", "SaudeIntegrada.Domain\SaudeIntegrada.Domain.csproj", "{450DE5AA-7575-4BB2-A8B5-F4FB81ACFDC1}"
EndProject
Project("{9A19103F-16F7-4668-BE54-9A1E7A4F7556}") = "SaudeIntegrada.Application", "SaudeIntegrada.Application\SaudeIntegrada.Application.csproj", "{A8AE47D5-33B6-4A8A-B010-E1DA2F941696}"
EndProject
Project("{9A19103F-16F7-4668-BE54-9A1E7A4F7556}") = "SaudeIntegrada.CrossCutting", "SaudeIntegrada.CrossCutting\SaudeIntegrada.CrossCutting.csproj", "{9D135D48-15AC-401E-8C6A-901FDA337ACA}"
EndProject
Project("{9A19103F-16F7-4668-BE54-9A1E7A4F7556}") = "SaudeIntegrada.Infra", "SaudeIntegrada.Infra\SaudeIntegrada.Infra.csproj", "{1853AB9B-C841-4809-B726-32AEFA8CC32C}"
EndProject
Project("{9A19103F-16F7-4668-BE54-9A1E7A4F7556}") = "SaudeIntegrada.Repository", "SaudeIntegrada.Repository\SaudeIntegrada.Repository.csproj", "{44581938-3DF6-4218-9328-0E2A0A744CB7}"
EndProject
Project("{FAE04EC0-301F-11D3-BF4B-00C04F79EFBC}") = "SaudeIntegrada.Api", "SaudeIntegrada.Api\SaudeIntegrada.Api.csproj", "{B57D03F7-D007-4508-A469-5ADD1A545B03}"
EndProject
Project("{FAE04EC0-301F-11D3-BF4B-00C04F79EFBC}") = "SaudeIntegrada.Tests", "SaudeIntegrada.Tests\SaudeIntegrada.Tests.csproj", "{13782979-3FB3-4A49-B5CD-81E516919311}"
EndProject
Global
	GlobalSection(SolutionConfigurationPlatforms) = preSolution
		Debug|Any CPU = Debug|Any CPU
		Release|Any CPU = Release|Any CPU
	EndGlobalSection
	GlobalSection(ProjectConfigurationPlatforms) = postSolution
		{450DE5AA-7575-4BB2-A8B5-F4FB81ACFDC1}.Debug|Any CPU.ActiveCfg = Debug|Any CPU
		{450DE5AA-7575-4BB2-A8B5-F4FB81ACFDC1}.Debug|Any CPU.Build.0 = Debug|Any CPU
		{450DE5AA-7575-4BB2-A8B5-F4FB81ACFDC1}.Release|Any CPU.ActiveCfg = Release|Any CPU
		{450DE5AA-7575-4BB2-A8B5-F4FB81ACFDC1}.Release|Any CPU.Build.0 = Release|Any CPU
		{A8AE47D5-33B6-4A8A-B010-E1DA2F941696}.Debug|Any CPU.ActiveCfg = Debug|Any CPU
		{A8AE47D5-33B6-4A8A-B010-E1DA2F941696}.Debug|Any CPU.Build.0 = Debug|Any CPU
		{A8AE47D5-33B6-4A8A-B010-E1DA2F941696}.Release|Any CPU.ActiveCfg = Release|Any CPU
		{A8AE47D5-33B6-4A8A-B010-E1DA2F941696}.Release|Any CPU.Build.0 = Release|Any CPU
		{9D135D48-15AC-401E-8C6A-901FDA337ACA}.Debug|Any CPU.ActiveCfg = Debug|Any CPU
		{9D135D48-15AC-401E-8C6A-901FDA337ACA}.Debug|Any CPU.Build.0 = Debug|Any CPU
		{9D135D48-15AC-401E-8C6A-901FDA337ACA}.Release|Any CPU.ActiveCfg = Release|Any CPU
		{9D135D48-15AC-401E-8C6A-901FDA337ACA}.Release|Any CPU.Build.0 = Release|Any CPU
		{1853AB9B-C841-4809-B726-32AEFA8CC32C}.Debug|Any CPU.ActiveCfg = Debug|Any CPU
		{1853AB9B-C841-4809-B726-32AEFA8CC32C}.Debug|Any CPU.Build.0 = Debug|Any CPU
		{1853AB9B-C841-4809-B726-32AEFA8CC32C}.Release|Any CPU.ActiveCfg = Release|Any CPU
		{1853AB9B-C841-4809-B726-32AEFA8CC32C}.Release|Any CPU.Build.0 = Release|Any CPU
		{44581938-3DF6-4218-9328-0E2A0A744CB7}.Debug|Any CPU.ActiveCfg = Debug|Any CPU
		{44581938-3DF6-4218-9328-0E2A0A744CB7}.Debug|Any CPU.Build.0 = Debug|Any CPU
		{44581938-3DF6-4218-9328-0E2A0A744CB7}.Release|Any CPU.ActiveCfg = Release|Any CPU
		{44581938-3DF6-4218-9328-0E2A0A744CB7}.Release|Any CPU.Build.0 = Release|Any CPU
		{B57D03F7-D007-4508-A469-5ADD1A545B03}.Debug|Any CPU.ActiveCfg = Debug|Any CPU
		{B57D03F7-D007-4508-A469-5ADD1A545B03}.Debug|Any CPU.Build.0 = Debug|Any CPU
		{B57D03F7-D007-4508-A469-5ADD1A545B03}.Release|Any CPU.ActiveCfg = Release|Any CPU
		{B57D03F7-D007-4508-A469-5ADD1A545B03}.Release|Any CPU.Build.0 = Release|Any CPU
		{13782979-3FB3-4A49-B5CD-81E516919311}.Debug|Any CPU.ActiveCfg = Debug|Any CPU
		{13782979-3FB3-4A49-B5CD-81E516919311}.Debug|Any CPU.Build.0 = Debug|Any CPU
		{13782979-3FB3-4A49-B5CD-81E516919311}.Release|Any CPU.ActiveCfg = Release|Any CPU
		{13782979-3FB3-4A49-B5CD-81E516919311}.Release|Any CPU.Build.0 = Release|Any CPU
	EndGlobalSection
	GlobalSection(SolutionProperties) = preSolution
		HideSolutionNode = FALSE
	EndGlobalSection
	GlobalSection(ExtensibilityGlobals) = postSolution
		SolutionGuid = {954BB04F-6151-4C45-8D18-366B7F52A5D9}
	EndGlobalSection
EndGlobal
